Microsoft Visual Studio Solution File, Format Version 12.00
# Visual Studio Version 17
VisualStudioVersion = 17.0.31903.59
MinimumVisualStudioVersion = 10.0.40219.1
Project("{9A19103F-16F7-4668-BE54-9A1E7A4F7556}") = "AIProctoring.Client", "src\Client\AIProctoring.Client.csproj", "{F1E7B5C8-4A92-4D5F-9E6A-2B8C7D9E1F4A}"
EndProject
Project("{9A19103F-16F7-4668-BE54-9A1E7A4F7556}") = "AIProctoring.Authentication", "src\Services\Authentication\AIProctoring.Authentication.csproj", "{A1B2C3D4-5E6F-7890-1234-567890ABCDEF}"
EndProject
Project("{9A19103F-16F7-4668-BE54-9A1E7A4F7556}") = "AIProctoring.Proctoring", "src\Services\Proctoring\AIProctoring.Proctoring.csproj", "{B2C3D4E5-6F78-9012-3456-7890ABCDEF12}"
EndProject
Project("{9A19103F-16F7-4668-BE54-9A1E7A4F7556}") = "AIProctoring.Analytics", "src\Services\Analytics\AIProctoring.Analytics.csproj", "{C3D4E5F6-7890-1234-5678-90ABCDEF1234}"
EndProject
Project("{9A19103F-16F7-4668-BE54-9A1E7A4F7556}") = "AIProctoring.Notifications", "src\Services\Notifications\AIProctoring.Notifications.csproj", "{D4E5F678-9012-3456-7890-ABCDEF123456}"
EndProject
Project("{9A19103F-16F7-4668-BE54-9A1E7A4F7556}") = "AIProctoring.Shared", "src\Shared\AIProctoring.Shared.csproj", "{E5F67890-1234-5678-9012-3456789ABCDE}"
EndProject
Global
	GlobalSection(SolutionConfigurationPlatforms) = preSolution
		Debug|Any CPU = Debug|Any CPU
		Release|Any CPU = Release|Any CPU
	EndGlobalSection
	GlobalSection(ProjectConfigurationPlatforms) = postSolution
		{F1E7B5C8-4A92-4D5F-9E6A-2B8C7D9E1F4A}.Debug|Any CPU.ActiveCfg = Debug|Any CPU
		{F1E7B5C8-4A92-4D5F-9E6A-2B8C7D9E1F4A}.Debug|Any CPU.Build.0 = Debug|Any CPU
		{F1E7B5C8-4A92-4D5F-9E6A-2B8C7D9E1F4A}.Release|Any CPU.ActiveCfg = Release|Any CPU
		{F1E7B5C8-4A92-4D5F-9E6A-2B8C7D9E1F4A}.Release|Any CPU.Build.0 = Release|Any CPU
		{A1B2C3D4-5E6F-7890-1234-567890ABCDEF}.Debug|Any CPU.ActiveCfg = Debug|Any CPU
		{A1B2C3D4-5E6F-7890-1234-567890ABCDEF}.Debug|Any CPU.Build.0 = Debug|Any CPU
		{A1B2C3D4-5E6F-7890-1234-567890ABCDEF}.Release|Any CPU.ActiveCfg = Release|Any CPU
		{A1B2C3D4-5E6F-7890-1234-567890ABCDEF}.Release|Any CPU.Build.0 = Release|Any CPU
		{B2C3D4E5-6F78-9012-3456-7890ABCDEF12}.Debug|Any CPU.ActiveCfg = Debug|Any CPU
		{B2C3D4E5-6F78-9012-3456-7890ABCDEF12}.Debug|Any CPU.Build.0 = Debug|Any CPU
		{B2C3D4E5-6F78-9012-3456-7890ABCDEF12}.Release|Any CPU.ActiveCfg = Release|Any CPU
		{B2C3D4E5-6F78-9012-3456-7890ABCDEF12}.Release|Any CPU.Build.0 = Release|Any CPU
		{C3D4E5F6-7890-1234-5678-90ABCDEF1234}.Debug|Any CPU.ActiveCfg = Debug|Any CPU
		{C3D4E5F6-7890-1234-5678-90ABCDEF1234}.Debug|Any CPU.Build.0 = Debug|Any CPU
		{C3D4E5F6-7890-1234-5678-90ABCDEF1234}.Release|Any CPU.ActiveCfg = Release|Any CPU
		{C3D4E5F6-7890-1234-5678-90ABCDEF1234}.Release|Any CPU.Build.0 = Release|Any CPU
		{D4E5F678-9012-3456-7890-ABCDEF123456}.Debug|Any CPU.ActiveCfg = Debug|Any CPU
		{D4E5F678-9012-3456-7890-ABCDEF123456}.Debug|Any CPU.Build.0 = Debug|Any CPU
		{D4E5F678-9012-3456-7890-ABCDEF123456}.Release|Any CPU.ActiveCfg = Release|Any CPU
		{D4E5F678-9012-3456-7890-ABCDEF123456}.Release|Any CPU.Build.0 = Release|Any CPU
		{E5F67890-1234-5678-9012-3456789ABCDE}.Debug|Any CPU.ActiveCfg = Debug|Any CPU
		{E5F67890-1234-5678-9012-3456789ABCDE}.Debug|Any CPU.Build.0 = Debug|Any CPU
		{E5F67890-1234-5678-9012-3456789ABCDE}.Release|Any CPU.ActiveCfg = Release|Any CPU
		{E5F67890-1234-5678-9012-3456789ABCDE}.Release|Any CPU.Build.0 = Release|Any CPU
	EndGlobalSection
	GlobalSection(SolutionProperties) = preSolution
		HideSolutionNode = FALSE
	EndGlobalSection
EndGlobal